
Microsoft Visual Studio Solution File, Format Version 12.00
# Visual Studio 14
VisualStudioVersion = 14.0.25420.1
MinimumVisualStudioVersion = 10.0.40219.1
Project("{FAE04EC0-301F-11D3-BF4B-00C04F79EFBC}") = "XamlNamespaces", "XamlNamespaces\XamlNamespaces.csproj", "{E8395E53-4E15-4C01-838E-08CCEFBB9CDD}"
EndProject
Project("{FAE04EC0-301F-11D3-BF4B-00C04F79EFBC}") = "XamlNamespaces.Controls", "XamlNamespaces.Controls\XamlNamespaces.Controls.csproj", "{E49ECCE2-8EEF-4941-B521-658C6C57D9D2}"
EndProject
Project("{FAE04EC0-301F-11D3-BF4B-00C04F79EFBC}") = "XamlNamespaces.Common", "XamlNamespaces.Common\XamlNamespaces.Common.csproj", "{D41D6499-D029-4DD8-BD5F-EE64DEF23AA6}"
EndProject
Global
	GlobalSection(SolutionConfigurationPlatforms) = preSolution
		Debug|Any CPU = Debug|Any CPU
		Release|Any CPU = Release|Any CPU
	EndGlobalSection
	GlobalSection(ProjectConfigurationPlatforms) = postSolution
		{E8395E53-4E15-4C01-838E-08CCEFBB9CDD}.Debug|Any CPU.ActiveCfg = Debug|Any CPU
		{E8395E53-4E15-4C01-838E-08CCEFBB9CDD}.Debug|Any CPU.Build.0 = Debug|Any CPU
		{E8395E53-4E15-4C01-838E-08CCEFBB9CDD}.Release|Any CPU.ActiveCfg = Release|Any CPU
		{E8395E53-4E15-4C01-838E-08CCEFBB9CDD}.Release|Any CPU.Build.0 = Release|Any CPU
		{E49ECCE2-8EEF-4941-B521-658C6C57D9D2}.Debug|Any CPU.ActiveCfg = Debug|Any CPU
		{E49ECCE2-8EEF-4941-B521-658C6C57D9D2}.Debug|Any CPU.Build.0 = Debug|Any CPU
		{E49ECCE2-8EEF-4941-B521-658C6C57D9D2}.Release|Any CPU.ActiveCfg = Release|Any CPU
		{E49ECCE2-8EEF-4941-B521-658C6C57D9D2}.Release|Any CPU.Build.0 = Release|Any CPU
		{D41D6499-D029-4DD8-BD5F-EE64DEF23AA6}.Debug|Any CPU.ActiveCfg = Debug|Any CPU
		{D41D6499-D029-4DD8-BD5F-EE64DEF23AA6}.Debug|Any CPU.Build.0 = Debug|Any CPU
		{D41D6499-D029-4DD8-BD5F-EE64DEF23AA6}.Release|Any CPU.ActiveCfg = Release|Any CPU
		{D41D6499-D029-4DD8-BD5F-EE64DEF23AA6}.Release|Any CPU.Build.0 = Release|Any CPU
	EndGlobalSection
	GlobalSection(SolutionProperties) = preSolution
		HideSolutionNode = FALSE
	EndGlobalSection
EndGlobal
